{
  "name": "run-artifact-index-skill",
  "version": "0.1.0",
  "lockfileVersion": 3,
  "requires": true,
  "packages": {
    "": {
      "name": "run-artifact-index-skill",
      "version": "0.1.0",
      "license": "MIT",
      "bin": {
        "run-artifact-index": "bin/run-artifact-index.js"
      },
      "devDependencies": {},
      "engines": {
        "node": ">=18"
      }
    }
  }
}
